
Microsoft Visual Studio Solution File, Format Version 12.00
# Visual Studio for Mac
Project("{FAE04EC0-301F-11D3-BF4B-00C04F79EFBC}") = "gnst-tcp", "Assembly-CSharp.csproj", "{E69414B9-98F7-C69C-F1BC-DCC720439C44}"
EndProject
Global
	GlobalSection(SolutionConfigurationPlatforms) = preSolution
		Debug|Any CPU = Debug|Any CPU
		Release|Any CPU = Release|Any CPU
	EndGlobalSection
	GlobalSection(ProjectConfigurationPlatforms) = postSolution
		{E69414B9-98F7-C69C-F1BC-DCC720439C44}.Debug|Any CPU.ActiveCfg = Debug|Any CPU
		{E69414B9-98F7-C69C-F1BC-DCC720439C44}.Debug|Any CPU.Build.0 = Debug|Any CPU
		{E69414B9-98F7-C69C-F1BC-DCC720439C44}.Release|Any CPU.ActiveCfg = Release|Any CPU
		{E69414B9-98F7-C69C-F1BC-DCC720439C44}.Release|Any CPU.Build.0 = Release|Any CPU
	EndGlobalSection
	GlobalSection(SolutionProperties) = preSolution
		HideSolutionNode = FALSE
	EndGlobalSection
EndGlobal
